// !$*UTF8*$!
{
	archiveVersion = 1;
	classes = {
	};
	objectVersion = 77;
	objects = {

/* Begin PBXBuildFile section */
		0402DCD22CD12430000AC2FE /* SwiftUIFontIcon in Frameworks */ = {isa = PBXBuildFile; productRef = 0402DCD12CD12430000AC2FE /* SwiftUIFontIcon */; };
		042B00F32CDA180800D1F8B7 /* Collections in Frameworks */ = {isa = PBXBuildFile; productRef = 042B00F22CDA180800D1F8B7 /* Collections */; };
		048228692CD7ABE0007FFE39 /* SwiftUICharts in Frameworks */ = {isa = PBXBuildFile; productRef = 048228682CD7ABE0007FFE39 /* SwiftUICharts */; };
/* End PBXBuildFile section */

/* Begin PBXContainerItemProxy section */
		044D39D02CD01E9A00E25F09 /* PBXContainerItemProxy */ = {
			isa = PBXContainerItemProxy;
			containerPortal = 044D39B72CD01E9700E25F09 /* Project object */;
			proxyType = 1;
			remoteGlobalIDString = 044D39BE2CD01E9700E25F09;
			remoteInfo = TrackYourExpenses;
		};
		044D39DA2CD01E9A00E25F09 /* PBXContainerItemProxy */ = {
			isa = PBXContainerItemProxy;
			containerPortal = 044D39B72CD01E9700E25F09 /* Project object */;
			proxyType = 1;
			remoteGlobalIDString = 044D39BE2CD01E9700E25F09;
			remoteInfo = TrackYourExpenses;
		};
/* End PBXContainerItemProxy section */

/* Begin PBXFileReference section */
		044D39BF2CD01E9700E25F09 /* TrackYourExpenses.app */ = {isa = PBXFileReference; explicitFileType = wrapper.application; includeInIndex = 0; path = TrackYourExpenses.app; sourceTree = BUILT_PRODUCTS_DIR; };
		044D39CF2CD01E9A00E25F09 /* TrackYourExpensesTests.xctest */ = {isa = PBXFileReference; explicitFileType = wrapper.cfbundle; includeInIndex = 0; path = TrackYourExpensesTests.xctest; sourceTree = BUILT_PRODUCTS_DIR; };
		044D39D92CD01E9A00E25F09 /* TrackYourExpensesUITests.xctest */ = {isa = PBXFileReference; explicitFileType = wrapper.cfbundle; includeInIndex = 0; path = TrackYourExpensesUITests.xctest; sourceTree = BUILT_PRODUCTS_DIR; };
/* End PBXFileReference section */

/* Begin PBXFileSystemSynchronizedBuildFileExceptionSet section */
		044D39F22CD026A800E25F09 /* Exceptions for "TrackYourExpenses" folder in "TrackYourExpenses" target */ = {
			isa = PBXFileSystemSynchronizedBuildFileExceptionSet;
			membershipExceptions = (
				.swift,
			);
			target = 044D39BE2CD01E9700E25F09 /* TrackYourExpenses */;
		};
/* End PBXFileSystemSynchronizedBuildFileExceptionSet section */

/* Begin PBXFileSystemSynchronizedGroupBuildPhaseMembershipExceptionSet section */
		044D39F32CD026A800E25F09 /* Exceptions for "TrackYourExpenses" folder in "Compile Sources" phase from "TrackYourExpenses" target */ = {
			isa = PBXFileSystemSynchronizedGroupBuildPhaseMembershipExceptionSet;
			buildPhase = 044D39BB2CD01E9700E25F09 /* Sources */;
			membershipExceptions = (
				.swift,
			);
		};
/* End PBXFileSystemSynchronizedGroupBuildPhaseMembershipExceptionSet section */

/* Begin PBXFileSystemSynchronizedRootGroup section */
		044D39C12CD01E9700E25F09 /* TrackYourExpenses */ = {
			isa = PBXFileSystemSynchronizedRootGroup;
			exceptions = (
				044D39F22CD026A800E25F09 /* Exceptions for "TrackYourExpenses" folder in "TrackYourExpenses" target */,
				044D39F32CD026A800E25F09 /* Exceptions for "TrackYourExpenses" folder in "Compile Sources" phase from "TrackYourExpenses" target */,
			);
			path = TrackYourExpenses;
			sourceTree = "<group>";
		};
/* End PBXFileSystemSynchronizedRootGroup section */

/* Begin PBXFrameworksBuildPhase section */
		044D39BC2CD01E9700E25F09 /* Frameworks */ = {
			isa = PBXFrameworksBuildPhase;
			buildActionMask = 2147483647;
			files = (
				042B00F32CDA180800D1F8B7 /* Collections in Frameworks */,
				0402DCD22CD12430000AC2FE /* SwiftUIFontIcon in Frameworks */,
				048228692CD7ABE0007FFE39 /* SwiftUICharts in Frameworks */,
			);
			runOnlyForDeploymentPostprocessing = 0;
		};
		044D39CC2CD01E9A00E25F09 /* Frameworks */ = {
			isa = PBXFrameworksBuildPhase;
			buildActionMask = 2147483647;
			files = (
			);
			runOnlyForDeploymentPostprocessing = 0;
		};
		044D39D62CD01E9A00E25F09 /* Frameworks */ = {
			isa = PBXFrameworksBuildPhase;
			buildActionMask = 2147483647;
			files = (
			);
			runOnlyForDeploymentPostprocessing = 0;
		};
/* End PBXFrameworksBuildPhase section */

/* Begin PBXGroup section */
		044D39B62CD01E9700E25F09 = {
			isa = PBXGroup;
			children = (
				044D39C12CD01E9700E25F09 /* TrackYourExpenses */,
				044D39C02CD01E9700E25F09 /* Products */,
			);
			sourceTree = "<group>";
		};
		044D39C02CD01E9700E25F09 /* Products */ = {
			isa = PBXGroup;
			children = (
				044D39BF2CD01E9700E25F09 /* TrackYourExpenses.app */,
				044D39CF2CD01E9A00E25F09 /* TrackYourExpensesTests.xctest */,
				044D39D92CD01E9A00E25F09 /* TrackYourExpensesUITests.xctest */,
			);
			name = Products;
			sourceTree = "<group>";
		};
/* End PBXGroup section */

/* Begin PBXNativeTarget section */
		044D39BE2CD01E9700E25F09 /* TrackYourExpenses */ = {
			isa = PBXNativeTarget;
			buildConfigurationList = 044D39E32CD01E9A00E25F09 /* Build configuration list for PBXNativeTarget "TrackYourExpenses" */;
			buildPhases = (
				044D39BB2CD01E9700E25F09 /* Sources */,
				044D39BC2CD01E9700E25F09 /* Frameworks */,
				044D39BD2CD01E9700E25F09 /* Resources */,
			);
			buildRules = (
			);
			dependencies = (
			);
			fileSystemSynchronizedGroups = (
				044D39C12CD01E9700E25F09 /* TrackYourExpenses */,
			);
			name = TrackYourExpenses;
			packageProductDependencies = (
				0402DCD12CD12430000AC2FE /* SwiftUIFontIcon */,
				048228682CD7ABE0007FFE39 /* SwiftUICharts */,
				042B00F22CDA180800D1F8B7 /* Collections */,
			);
			productName = TrackYourExpenses;
			productReference = 044D39BF2CD01E9700E25F09 /* TrackYourExpenses.app */;
			productType = "com.apple.product-type.application";
		};
		044D39CE2CD01E9A00E25F09 /* TrackYourExpensesTests */ = {
			isa = PBXNativeTarget;
			buildConfigurationList = 044D39E62CD01E9A00E25F09 /* Build configuration list for PBXNativeTarget "TrackYourExpensesTests" */;
			buildPhases = (
				044D39CB2CD01E9A00E25F09 /* Sources */,
				044D39CC2CD01E9A00E25F09 /* Frameworks */,
				044D39CD2CD01E9A00E25F09 /* Resources */,
			);
			buildRules = (
			);
			dependencies = (
				044D39D12CD01E9A00E25F09 /* PBXTargetDependency */,
			);
			name = TrackYourExpensesTests;
			packageProductDependencies = (
			);
			productName = TrackYourExpensesTests;
			productReference = 044D39CF2CD01E9A00E25F09 /* TrackYourExpensesTests.xctest */;
			productType = "com.apple.product-type.bundle.unit-test";
		};
		044D39D82CD01E9A00E25F09 /* TrackYourExpensesUITests */ = {
			isa = PBXNativeTarget;
			buildConfigurationList = 044D39E92CD01E9A00E25F09 /* Build configuration list for PBXNativeTarget "TrackYourExpensesUITests" */;
			buildPhases = (
				044D39D52CD01E9A00E25F09 /* Sources */,
				044D39D62CD01E9A00E25F09 /* Frameworks */,
				044D39D72CD01E9A00E25F09 /* Resources */,
			);
			buildRules = (
			);
			dependencies = (
				044D39DB2CD01E9A00E25F09 /* PBXTargetDependency */,
			);
			name = TrackYourExpensesUITests;
			packageProductDependencies = (
			);
			productName = TrackYourExpensesUITests;
			productReference = 044D39D92CD01E9A00E25F09 /* TrackYourExpensesUITests.xctest */;
			productType = "com.apple.product-type.bundle.ui-testing";
		};
/* End PBXNativeTarget section */

/* Begin PBXProject section */
		044D39B72CD01E9700E25F09 /* Project object */ = {
			isa = PBXProject;
			attributes = {
				BuildIndependentTargetsInParallel = 1;
				LastSwiftUpdateCheck = 1600;
				LastUpgradeCheck = 1600;
				TargetAttributes = {
					044D39BE2CD01E9700E25F09 = {
						CreatedOnToolsVersion = 16.0;
					};
					044D39CE2CD01E9A00E25F09 = {
						CreatedOnToolsVersion = 16.0;
						TestTargetID = 044D39BE2CD01E9700E25F09;
					};
					044D39D82CD01E9A00E25F09 = {
						CreatedOnToolsVersion = 16.0;
						TestTargetID = 044D39BE2CD01E9700E25F09;
					};
				};
			};
			buildConfigurationList = 044D39BA2CD01E9700E25F09 /* Build configuration list for PBXProject "TrackYourExpenses" */;
			developmentRegion = en;
			hasScannedForEncodings = 0;
			knownRegions = (
				en,
				Base,
			);
			mainGroup = 044D39B62CD01E9700E25F09;
			minimizedProjectReferenceProxies = 1;
			packageReferences = (
				0402DCD02CD12430000AC2FE /* XCRemoteSwiftPackageReference "SwiftUIFontIcon" */,
				048228672CD7ABE0007FFE39 /* XCRemoteSwiftPackageReference "ChartView" */,
				042B00F12CDA180800D1F8B7 /* XCRemoteSwiftPackageReference "swift-collections" */,
			);
			preferredProjectObjectVersion = 77;
			productRefGroup = 044D39C02CD01E9700E25F09 /* Products */;
			projectDirPath = "";
			projectRoot = "";
			targets = (
				044D39BE2CD01E9700E25F09 /* TrackYourExpenses */,
				044D39CE2CD01E9A00E25F09 /* TrackYourExpensesTests */,
				044D39D82CD01E9A00E25F09 /* TrackYourExpensesUITests */,
			);
		};
/* End PBXProject section */

/* Begin PBXResourcesBuildPhase section */
		044D39BD2CD01E9700E25F09 /* Resources */ = {
			isa = PBXResourcesBuildPhase;
			buildActionMask = 2147483647;
			files = (
			);
			runOnlyForDeploymentPostprocessing = 0;
		};
		044D39CD2CD01E9A00E25F09 /* Resources */ = {
			isa = PBXResourcesBuildPhase;
			buildActionMask = 2147483647;
			files = (
			);
			runOnlyForDeploymentPostprocessing = 0;
		};
		044D39D72CD01E9A00E25F09 /* Resources */ = {
			isa = PBXResourcesBuildPhase;
			buildActionMask = 2147483647;
			files = (
			);
			runOnlyForDeploymentPostprocessing = 0;
		};
/* End PBXResourcesBuildPhase section */

/* Begin PBXSourcesBuildPhase section */
		044D39BB2CD01E9700E25F09 /* Sources */ = {
			isa = PBXSourcesBuildPhase;
			buildActionMask = 2147483647;
			files = (
			);
			runOnlyForDeploymentPostprocessing = 0;
		};
		044D39CB2CD01E9A00E25F09 /* Sources */ = {
			isa = PBXSourcesBuildPhase;
			buildActionMask = 2147483647;
			files = (
			);
			runOnlyForDeploymentPostprocessing = 0;
		};
		044D39D52CD01E9A00E25F09 /* Sources */ = {
			isa = PBXSourcesBuildPhase;
			buildActionMask = 2147483647;
			files = (
			);
			runOnlyForDeploymentPostprocessing = 0;
		};
/* End PBXSourcesBuildPhase section */

/* Begin PBXTargetDependency section */
		044D39D12CD01E9A00E25F09 /* PBXTargetDependency */ = {
			isa = PBXTargetDependency;
			target = 044D39BE2CD01E9700E25F09 /* TrackYourExpenses */;
			targetProxy = 044D39D02CD01E9A00E25F09 /* PBXContainerItemProxy */;
		};
		044D39DB2CD01E9A00E25F09 /* PBXTargetDependency */ = {
			isa = PBXTargetDependency;
			target = 044D39BE2CD01E9700E25F09 /* TrackYourExpenses */;
			targetProxy = 044D39DA2CD01E9A00E25F09 /* PBXContainerItemProxy */;
		};
/* End PBXTargetDependency section */

/* Begin XCBuildConfiguration section */
		044D39E12CD01E9A00E25F09 /* Debug */ = {
			isa = XCBuildConfiguration;
			buildSettings = {
				ALWAYS_SEARCH_USER_PATHS = NO;
				ASSETCATALOG_COMPILER_GENERATE_SWIFT_ASSET_SYMBOL_EXTENSIONS = YES;
				CLANG_ANALYZER_NONNULL = YES;
				CLANG_ANALYZER_NUMBER_OBJECT_CONVERSION = YES_AGGRESSIVE;
				CLANG_CXX_LANGUAGE_STANDARD = "gnu++20";
				CLANG_ENABLE_MODULES = YES;
				CLANG_ENABLE_OBJC_ARC = YES;
				CLANG_ENABLE_OBJC_WEAK = YES;
				CLANG_WARN_BLOCK_CAPTURE_AUTORELEASING = YES;
				CLANG_WARN_BOOL_CONVERSION = YES;
				CLANG_WARN_COMMA = YES;
				CLANG_WARN_CONSTANT_CONVERSION = YES;
				CLANG_WARN_DEPRECATED_OBJC_IMPLEMENTATIONS = YES;
				CLANG_WARN_DIRECT_OBJC_ISA_USAGE = YES_ERROR;
				CLANG_WARN_DOCUMENTATION_COMMENTS = YES;
				CLANG_WARN_EMPTY_BODY = YES;
				CLANG_WARN_ENUM_CONVERSION = YES;
				CLANG_WARN_INFINITE_RECURSION = YES;
				CLANG_WARN_INT_CONVERSION = YES;
				CLANG_WARN_NON_LITERAL_NULL_CONVERSION = YES;
				CLANG_WARN_OBJC_IMPLICIT_RETAIN_SELF = YES;
				CLANG_WARN_OBJC_LITERAL_CONVERSION = YES;
				CLANG_WARN_OBJC_ROOT_CLASS = YES_ERROR;
				CLANG_WARN_QUOTED_INCLUDE_IN_FRAMEWORK_HEADER = YES;
				CLANG_WARN_RANGE_LOOP_ANALYSIS = YES;
				CLANG_WARN_STRICT_PROTOTYPES = YES;
				CLANG_WARN_SUSPICIOUS_MOVE = YES;
				CLANG_WARN_UNGUARDED_AVAILABILITY = YES_AGGRESSIVE;
				CLANG_WARN_UNREACHABLE_CODE = YES;
				CLANG_WARN__DUPLICATE_METHOD_MATCH = YES;
				COPY_PHASE_STRIP = NO;
				DEBUG_INFORMATION_FORMAT = dwarf;
				ENABLE_STRICT_OBJC_MSGSEND = YES;
				ENABLE_TESTABILITY = YES;
				ENABLE_USER_SCRIPT_SANDBOXING = YES;
				GCC_C_LANGUAGE_STANDARD = gnu17;
				GCC_DYNAMIC_NO_PIC = NO;
				GCC_NO_COMMON_BLOCKS = YES;
				GCC_OPTIMIZATION_LEVEL = 0;
				GCC_PREPROCESSOR_DEFINITIONS = (
					"DEBUG=1",
					"$(inherited)",
				);
				GCC_WARN_64_TO_32_BIT_CONVERSION = YES;
				GCC_WARN_ABOUT_RETURN_TYPE = YES_ERROR;
				GCC_WARN_UNDECLARED_SELECTOR = YES;
				GCC_WARN_UNINITIALIZED_AUTOS = YES_AGGRESSIVE;
				GCC_WARN_UNUSED_FUNCTION = YES;
				GCC_WARN_UNUSED_VARIABLE = YES;
				IPHONEOS_DEPLOYMENT_TARGET = 18.0;
				LOCALIZATION_PREFERS_STRING_CATALOGS = YES;
				MTL_ENABLE_DEBUG_INFO = INCLUDE_SOURCE;
				MTL_FAST_MATH = YES;
				ONLY_ACTIVE_ARCH = YES;
				SDKROOT = iphoneos;
				SWIFT_ACTIVE_COMPILATION_CONDITIONS = "DEBUG $(inherited)";
				SWIFT_OPTIMIZATION_LEVEL = "-Onone";
			};
			name = Debug;
		};
		044D39E22CD01E9A00E25F09 /* Release */ = {
			isa = XCBuildConfiguration;
			buildSettings = {
				ALWAYS_SEARCH_USER_PATHS = NO;
				ASSETCATALOG_COMPILER_GENERATE_SWIFT_ASSET_SYMBOL_EXTENSIONS = YES;
				CLANG_ANALYZER_NONNULL = YES;
				CLANG_ANALYZER_NUMBER_OBJECT_CONVERSION = YES_AGGRESSIVE;
				CLANG_CXX_LANGUAGE_STANDARD = "gnu++20";
				CLANG_ENABLE_MODULES = YES;
				CLANG_ENABLE_OBJC_ARC = YES;
				CLANG_ENABLE_OBJC_WEAK = YES;
				CLANG_WARN_BLOCK_CAPTURE_AUTORELEASING = YES;
				CLANG_WARN_BOOL_CONVERSION = YES;
				CLANG_WARN_COMMA = YES;
				CLANG_WARN_CONSTANT_CONVERSION = YES;
				CLANG_WARN_DEPRECATED_OBJC_IMPLEMENTATIONS = YES;
				CLANG_WARN_DIRECT_OBJC_ISA_USAGE = YES_ERROR;
				CLANG_WARN_DOCUMENTATION_COMMENTS = YES;
				CLANG_WARN_EMPTY_BODY = YES;
				CLANG_WARN_ENUM_CONVERSION = YES;
				CLANG_WARN_INFINITE_RECURSION = YES;
				CLANG_WARN_INT_CONVERSION = YES;
				CLANG_WARN_NON_LITERAL_NULL_CONVERSION = YES;
				CLANG_WARN_OBJC_IMPLICIT_RETAIN_SELF = YES;
				CLANG_WARN_OBJC_LITERAL_CONVERSION = YES;
				CLANG_WARN_OBJC_ROOT_CLASS = YES_ERROR;
				CLANG_WARN_QUOTED_INCLUDE_IN_FRAMEWORK_HEADER = YES;
				CLANG_WARN_RANGE_LOOP_ANALYSIS = YES;
				CLANG_WARN_STRICT_PROTOTYPES = YES;
				CLANG_WARN_SUSPICIOUS_MOVE = YES;
				CLANG_WARN_UNGUARDED_AVAILABILITY = YES_AGGRESSIVE;
				CLANG_WARN_UNREACHABLE_CODE = YES;
				CLANG_WARN__DUPLICATE_METHOD_MATCH = YES;
				COPY_PHASE_STRIP = NO;
				DEBUG_INFORMATION_FORMAT = "dwarf-with-dsym";
				ENABLE_NS_ASSERTIONS = NO;
				ENABLE_STRICT_OBJC_MSGSEND = YES;
				ENABLE_USER_SCRIPT_SANDBOXING = YES;
				GCC_C_LANGUAGE_STANDARD = gnu17;
				GCC_NO_COMMON_BLOCKS = YES;
				GCC_WARN_64_TO_32_BIT_CONVERSION = YES;
				GCC_WARN_ABOUT_RETURN_TYPE = YES_ERROR;
				GCC_WARN_UNDECLARED_SELECTOR = YES;
				GCC_WARN_UNINITIALIZED_AUTOS = YES_AGGRESSIVE;
				GCC_WARN_UNUSED_FUNCTION = YES;
				GCC_WARN_UNUSED_VARIABLE = YES;
				IPHONEOS_DEPLOYMENT_TARGET = 18.0;
				LOCALIZATION_PREFERS_STRING_CATALOGS = YES;
				MTL_ENABLE_DEBUG_INFO = NO;
				MTL_FAST_MATH = YES;
				SDKROOT = iphoneos;
				SWIFT_COMPILATION_MODE = wholemodule;
				VALIDATE_PRODUCT = YES;
			};
			name = Release;
		};
		044D39E42CD01E9A00E25F09 /* Debug */ = {
			isa = XCBuildConfiguration;
			buildSettings = {
				ASSETCATALOG_COMPILER_APPICON_NAME = AppIcon;
				ASSETCATALOG_COMPILER_GLOBAL_ACCENT_COLOR_NAME = AccentColor;
				CODE_SIGN_STYLE = Automatic;
				CURRENT_PROJECT_VERSION = 1;
				DEVELOPMENT_ASSET_PATHS = "\"TrackYourExpenses/Preview Content\"";
				ENABLE_PREVIEWS = YES;
				GENERATE_INFOPLIST_FILE = YES;
				INFOPLIST_KEY_UIApplicationSceneManifest_Generation = YES;
				INFOPLIST_KEY_UIApplicationSupportsIndirectInputEvents = YES;
				INFOPLIST_KEY_UILaunchScreen_Generation = YES;
				INFOPLIST_KEY_UISupportedInterfaceOrientations_iPad = "UIInterfaceOrientationPortrait UIInterfaceOrientationPortraitUpsideDown UIInterfaceOrientationLandscapeLeft UIInterfaceOrientationLandscapeRight";
				INFOPLIST_KEY_UISupportedInterfaceOrientations_iPhone = "UIInterfaceOrientationPortrait UIInterfaceOrientationLandscapeLeft UIInterfaceOrientationLandscapeRight";
				LD_RUNPATH_SEARCH_PATHS = (
					"$(inherited)",
					"@executable_path/Frameworks",
				);
				MARKETING_VERSION = 1.0;
				PRODUCT_BUNDLE_IDENTIFIER = com.husaynabdul.TrackYourExpenses;
				PRODUCT_NAME = "$(TARGET_NAME)";
				SWIFT_EMIT_LOC_STRINGS = YES;
				SWIFT_VERSION = 5.0;
				TARGETED_DEVICE_FAMILY = "1,2";
			};
			name = Debug;
		};
		044D39E52CD01E9A00E25F09 /* Release */ = {
			isa = XCBuildConfiguration;
			buildSettings = {
				ASSETCATALOG_COMPILER_APPICON_NAME = AppIcon;
				ASSETCATALOG_COMPILER_GLOBAL_ACCENT_COLOR_NAME = AccentColor;
				CODE_SIGN_STYLE = Automatic;
				CURRENT_PROJECT_VERSION = 1;
				DEVELOPMENT_ASSET_PATHS = "\"TrackYourExpenses/Preview Content\"";
				ENABLE_PREVIEWS = YES;
				GENERATE_INFOPLIST_FILE = YES;
				INFOPLIST_KEY_UIApplicationSceneManifest_Generation = YES;
				INFOPLIST_KEY_UIApplicationSupportsIndirectInputEvents = YES;
				INFOPLIST_KEY_UILaunchScreen_Generation = YES;
				INFOPLIST_KEY_UISupportedInterfaceOrientations_iPad = "UIInterfaceOrientationPortrait UIInterfaceOrientationPortraitUpsideDown UIInterfaceOrientationLandscapeLeft UIInterfaceOrientationLandscapeRight";
				INFOPLIST_KEY_UISupportedInterfaceOrientations_iPhone = "UIInterfaceOrientationPortrait UIInterfaceOrientationLandscapeLeft UIInterfaceOrientationLandscapeRight";
				LD_RUNPATH_SEARCH_PATHS = (
					"$(inherited)",
					"@executable_path/Frameworks",
				);
				MARKETING_VERSION = 1.0;
				PRODUCT_BUNDLE_IDENTIFIER = com.husaynabdul.TrackYourExpenses;
				PRODUCT_NAME = "$(TARGET_NAME)";
				SWIFT_EMIT_LOC_STRINGS = YES;
				SWIFT_VERSION = 5.0;
				TARGETED_DEVICE_FAMILY = "1,2";
			};
			name = Release;
		};
		044D39E72CD01E9A00E25F09 /* Debug */ = {
			isa = XCBuildConfiguration;
			buildSettings = {
				BUNDLE_LOADER = "$(TEST_HOST)";
				CODE_SIGN_STYLE = Automatic;
				CURRENT_PROJECT_VERSION = 1;
				GENERATE_INFOPLIST_FILE = YES;
				IPHONEOS_DEPLOYMENT_TARGET = 18.0;
				MARKETING_VERSION = 1.0;
				PRODUCT_BUNDLE_IDENTIFIER = com.husaynabdul.TrackYourExpensesTests;
				PRODUCT_NAME = "$(TARGET_NAME)";
				SWIFT_EMIT_LOC_STRINGS = NO;
				SWIFT_VERSION = 5.0;
				TARGETED_DEVICE_FAMILY = "1,2";
				TEST_HOST = "$(BUILT_PRODUCTS_DIR)/TrackYourExpenses.app/$(BUNDLE_EXECUTABLE_FOLDER_PATH)/TrackYourExpenses";
			};
			name = Debug;
		};
		044D39E82CD01E9A00E25F09 /* Release */ = {
			isa = XCBuildConfiguration;
			buildSettings = {
				BUNDLE_LOADER = "$(TEST_HOST)";
				CODE_SIGN_STYLE = Automatic;
				CURRENT_PROJECT_VERSION = 1;
				GENERATE_INFOPLIST_FILE = YES;
				IPHONEOS_DEPLOYMENT_TARGET = 18.0;
				MARKETING_VERSION = 1.0;
				PRODUCT_BUNDLE_IDENTIFIER = com.husaynabdul.TrackYourExpensesTests;
				PRODUCT_NAME = "$(TARGET_NAME)";
				SWIFT_EMIT_LOC_STRINGS = NO;
				SWIFT_VERSION = 5.0;
				TARGETED_DEVICE_FAMILY = "1,2";
				TEST_HOST = "$(BUILT_PRODUCTS_DIR)/TrackYourExpenses.app/$(BUNDLE_EXECUTABLE_FOLDER_PATH)/TrackYourExpenses";
			};
			name = Release;
		};
		044D39EA2CD01E9A00E25F09 /* Debug */ = {
			isa = XCBuildConfiguration;
			buildSettings = {
				CODE_SIGN_STYLE = Automatic;
				CURRENT_PROJECT_VERSION = 1;
				GENERATE_INFOPLIST_FILE = YES;
				MARKETING_VERSION = 1.0;
				PRODUCT_BUNDLE_IDENTIFIER = com.husaynabdul.TrackYourExpensesUITests;
				PRODUCT_NAME = "$(TARGET_NAME)";
				SWIFT_EMIT_LOC_STRINGS = NO;
				SWIFT_VERSION = 5.0;
				TARGETED_DEVICE_FAMILY = "1,2";
				TEST_TARGET_NAME = TrackYourExpenses;
			};
			name = Debug;
		};
		044D39EB2CD01E9A00E25F09 /* Release */ = {
			isa = XCBuildConfiguration;
			buildSettings = {
				CODE_SIGN_STYLE = Automatic;
				CURRENT_PROJECT_VERSION = 1;
				GENERATE_INFOPLIST_FILE = YES;
				MARKETING_VERSION = 1.0;
				PRODUCT_BUNDLE_IDENTIFIER = com.husaynabdul.TrackYourExpensesUITests;
				PRODUCT_NAME = "$(TARGET_NAME)";
				SWIFT_EMIT_LOC_STRINGS = NO;
				SWIFT_VERSION = 5.0;
				TARGETED_DEVICE_FAMILY = "1,2";
				TEST_TARGET_NAME = TrackYourExpenses;
			};
			name = Release;
		};
/* End XCBuildConfiguration section */

/* Begin XCConfigurationList section */
		044D39BA2CD01E9700E25F09 /* Build configuration list for PBXProject "TrackYourExpenses" */ = {
			isa = XCConfigurationList;
			buildConfigurations = (
				044D39E12CD01E9A00E25F09 /* Debug */,
				044D39E22CD01E9A00E25F09 /* Release */,
			);
			defaultConfigurationIsVisible = 0;
			defaultConfigurationName = Release;
		};
		044D39E32CD01E9A00E25F09 /* Build configuration list for PBXNativeTarget "TrackYourExpenses" */ = {
			isa = XCConfigurationList;
			buildConfigurations = (
				044D39E42CD01E9A00E25F09 /* Debug */,
				044D39E52CD01E9A00E25F09 /* Release */,
			);
			defaultConfigurationIsVisible = 0;
			defaultConfigurationName = Release;
		};
		044D39E62CD01E9A00E25F09 /* Build configuration list for PBXNativeTarget "TrackYourExpensesTests" */ = {
			isa = XCConfigurationList;
			buildConfigurations = (
				044D39E72CD01E9A00E25F09 /* Debug */,
				044D39E82CD01E9A00E25F09 /* Release */,
			);
			defaultConfigurationIsVisible = 0;
			defaultConfigurationName = Release;
		};
		044D39E92CD01E9A00E25F09 /* Build configuration list for PBXNativeTarget "TrackYourExpensesUITests" */ = {
			isa = XCConfigurationList;
			buildConfigurations = (
				044D39EA2CD01E9A00E25F09 /* Debug */,
				044D39EB2CD01E9A00E25F09 /* Release */,
			);
			defaultConfigurationIsVisible = 0;
			defaultConfigurationName = Release;
		};
/* End XCConfigurationList section */

/* Begin XCRemoteSwiftPackageReference section */
		0402DCD02CD12430000AC2FE /* XCRemoteSwiftPackageReference "SwiftUIFontIcon" */ = {
			isa = XCRemoteSwiftPackageReference;
			repositoryURL = "https://github.com/huybuidac/SwiftUIFontIcon";
			requirement = {
				branch = master;
				kind = branch;
			};
		};
		042B00F12CDA180800D1F8B7 /* XCRemoteSwiftPackageReference "swift-collections" */ = {
			isa = XCRemoteSwiftPackageReference;
			repositoryURL = "https://github.com/apple/swift-collections.git";
			requirement = {
				kind = upToNextMajorVersion;
				minimumVersion = 1.1.4;
			};
		};
		048228672CD7ABE0007FFE39 /* XCRemoteSwiftPackageReference "ChartView" */ = {
			isa = XCRemoteSwiftPackageReference;
			repositoryURL = "https://github.com/AppPear/ChartView";
			requirement = {
				kind = exactVersion;
				version = "2.0.0-beta.2";
			};
		};
/* End XCRemoteSwiftPackageReference section */

/* Begin XCSwiftPackageProductDependency section */
		0402DCD12CD12430000AC2FE /* SwiftUIFontIcon */ = {
			isa = XCSwiftPackageProductDependency;
			package = 0402DCD02CD12430000AC2FE /* XCRemoteSwiftPackageReference "SwiftUIFontIcon" */;
			productName = SwiftUIFontIcon;
		};
		042B00F22CDA180800D1F8B7 /* Collections */ = {
			isa = XCSwiftPackageProductDependency;
			package = 042B00F12CDA180800D1F8B7 /* XCRemoteSwiftPackageReference "swift-collections" */;
			productName = Collections;
		};
		048228682CD7ABE0007FFE39 /* SwiftUICharts */ = {
			isa = XCSwiftPackageProductDependency;
			package = 048228672CD7ABE0007FFE39 /* XCRemoteSwiftPackageReference "ChartView" */;
			productName = SwiftUICharts;
		};
/* End XCSwiftPackageProductDependency section */
	};
	rootObject = 044D39B72CD01E9700E25F09 /* Project object */;
}
